
Microsoft Visual Studio Solution File, Format Version 12.00
# Visual Studio 15
VisualStudioVersion = 15.0.28307.329
MinimumVisualStudioVersion = 10.0.40219.1
Project("{FAE04EC0-301F-11D3-BF4B-00C04F79EFBC}") = "TES3MP-ServerManager", "TES3MP-ServerManager\TES3MP-ServerManager.csproj", "{800617CD-FAC6-44CF-8EDE-6BF969A3922D}"
EndProject
Global
	GlobalSection(SolutionConfigurationPlatforms) = preSolution
		Debug|Any CPU = Debug|Any CPU
		Release|Any CPU = Release|Any CPU
	EndGlobalSection
	GlobalSection(ProjectConfigurationPlatforms) = postSolution
		{800617CD-FAC6-44CF-8EDE-6BF969A3922D}.Debug|Any CPU.ActiveCfg = Debug|Any CPU
		{800617CD-FAC6-44CF-8EDE-6BF969A3922D}.Debug|Any CPU.Build.0 = Debug|Any CPU
		{800617CD-FAC6-44CF-8EDE-6BF969A3922D}.Release|Any CPU.ActiveCfg = Release|Any CPU
		{800617CD-FAC6-44CF-8EDE-6BF969A3922D}.Release|Any CPU.Build.0 = Release|Any CPU
	EndGlobalSection
	GlobalSection(SolutionProperties) = preSolution
		HideSolutionNode = FALSE
	EndGlobalSection
	GlobalSection(ExtensibilityGlobals) = postSolution
		SolutionGuid = {D80E580D-510C-4D40-BD3F-0F8DA005FB99}
	EndGlobalSection
EndGlobal
